
Microsoft Visual Studio Solution File, Format Version 12.00
# Visual Studio 15
VisualStudioVersion = 15.0.28010.2050
MinimumVisualStudioVersion = 10.0.40219.1
Project("{FAE04EC0-301F-11D3-BF4B-00C04F79EFBC}") = "Sessoes", "Sessoes\Sessoes.csproj", "{65DC708A-3572-4617-83A7-A893441C64DF}"
EndProject
Global
	GlobalSection(SolutionConfigurationPlatforms) = preSolution
		Debug|Any CPU = Debug|Any CPU
		Release|Any CPU = Release|Any CPU
	EndGlobalSection
	GlobalSection(ProjectConfigurationPlatforms) = postSolution
		{65DC708A-3572-4617-83A7-A893441C64DF}.Debug|Any CPU.ActiveCfg = Debug|Any CPU
		{65DC708A-3572-4617-83A7-A893441C64DF}.Debug|Any CPU.Build.0 = Debug|Any CPU
		{65DC708A-3572-4617-83A7-A893441C64DF}.Release|Any CPU.ActiveCfg = Release|Any CPU
		{65DC708A-3572-4617-83A7-A893441C64DF}.Release|Any CPU.Build.0 = Release|Any CPU
	EndGlobalSection
	GlobalSection(SolutionProperties) = preSolution
		HideSolutionNode = FALSE
	EndGlobalSection
	GlobalSection(ExtensibilityGlobals) = postSolution
		SolutionGuid = {0D6BBFD4-68F2-423D-978B-FF5F930F99E4}
	EndGlobalSection
EndGlobal
